
Microsoft Visual Studio Solution File, Format Version 12.00
# Visual Studio Version 17
VisualStudioVersion = 17.0.31903.59
MinimumVisualStudioVersion = 10.0.40219.1
Project("{2150E333-8FDC-42A3-9474-1A3956D46DE8}") = "src", "src", "{827E0CD3-B72D-47B6-A68D-7590B98EB39B}"
EndProject
Project("{FAE04EC0-301F-11D3-BF4B-00C04F79EFBC}") = "CozyTts.Domain", "src\CozyTts.Domain\CozyTts.Domain.csproj", "{8287C84F-37DF-4797-9F3D-B23BA9BEDFA5}"
EndProject
Project("{FAE04EC0-301F-11D3-BF4B-00C04F79EFBC}") = "CozyTts.Application", "src\CozyTts.Application\CozyTts.Application.csproj", "{1ED926B4-35FE-444B-928F-4531D9AA7E1B}"
EndProject
Project("{FAE04EC0-301F-11D3-BF4B-00C04F79EFBC}") = "CozyTts.Infrastructure", "src\CozyTts.Infrastructure\CozyTts.Infrastructure.csproj", "{B0F66ADA-22DE-47A3-8816-1A98E2B1B093}"
EndProject
Project("{FAE04EC0-301F-11D3-BF4B-00C04F79EFBC}") = "CozyTts.Api", "src\CozyTts.Api\CozyTts.Api.csproj", "{48AEFA77-68A3-49E9-BC28-C20A188BD251}"
EndProject
Global
	GlobalSection(SolutionConfigurationPlatforms) = preSolution
		Debug|Any CPU = Debug|Any CPU
		Debug|x64 = Debug|x64
		Debug|x86 = Debug|x86
		Release|Any CPU = Release|Any CPU
		Release|x64 = Release|x64
		Release|x86 = Release|x86
	EndGlobalSection
	GlobalSection(ProjectConfigurationPlatforms) = postSolution
		{8287C84F-37DF-4797-9F3D-B23BA9BEDFA5}.Debug|Any CPU.ActiveCfg = Debug|Any CPU
		{8287C84F-37DF-4797-9F3D-B23BA9BEDFA5}.Debug|Any CPU.Build.0 = Debug|Any CPU
		{8287C84F-37DF-4797-9F3D-B23BA9BEDFA5}.Debug|x64.ActiveCfg = Debug|Any CPU
		{8287C84F-37DF-4797-9F3D-B23BA9BEDFA5}.Debug|x64.Build.0 = Debug|Any CPU
		{8287C84F-37DF-4797-9F3D-B23BA9BEDFA5}.Debug|x86.ActiveCfg = Debug|Any CPU
		{8287C84F-37DF-4797-9F3D-B23BA9BEDFA5}.Debug|x86.Build.0 = Debug|Any CPU
		{8287C84F-37DF-4797-9F3D-B23BA9BEDFA5}.Release|Any CPU.ActiveCfg = Release|Any CPU
		{8287C84F-37DF-4797-9F3D-B23BA9BEDFA5}.Release|Any CPU.Build.0 = Release|Any CPU
		{8287C84F-37DF-4797-9F3D-B23BA9BEDFA5}.Release|x64.ActiveCfg = Release|Any CPU
		{8287C84F-37DF-4797-9F3D-B23BA9BEDFA5}.Release|x64.Build.0 = Release|Any CPU
		{8287C84F-37DF-4797-9F3D-B23BA9BEDFA5}.Release|x86.ActiveCfg = Release|Any CPU
		{8287C84F-37DF-4797-9F3D-B23BA9BEDFA5}.Release|x86.Build.0 = Release|Any CPU
		{1ED926B4-35FE-444B-928F-4531D9AA7E1B}.Debug|Any CPU.ActiveCfg = Debug|Any CPU
		{1ED926B4-35FE-444B-928F-4531D9AA7E1B}.Debug|Any CPU.Build.0 = Debug|Any CPU
		{1ED926B4-35FE-444B-928F-4531D9AA7E1B}.Debug|x64.ActiveCfg = Debug|Any CPU
		{1ED926B4-35FE-444B-928F-4531D9AA7E1B}.Debug|x64.Build.0 = Debug|Any CPU
		{1ED926B4-35FE-444B-928F-4531D9AA7E1B}.Debug|x86.ActiveCfg = Debug|Any CPU
		{1ED926B4-35FE-444B-928F-4531D9AA7E1B}.Debug|x86.Build.0 = Debug|Any CPU
		{1ED926B4-35FE-444B-928F-4531D9AA7E1B}.Release|Any CPU.ActiveCfg = Release|Any CPU
		{1ED926B4-35FE-444B-928F-4531D9AA7E1B}.Release|Any CPU.Build.0 = Release|Any CPU
		{1ED926B4-35FE-444B-928F-4531D9AA7E1B}.Release|x64.ActiveCfg = Release|Any CPU
		{1ED926B4-35FE-444B-928F-4531D9AA7E1B}.Release|x64.Build.0 = Release|Any CPU
		{1ED926B4-35FE-444B-928F-4531D9AA7E1B}.Release|x86.ActiveCfg = Release|Any CPU
		{1ED926B4-35FE-444B-928F-4531D9AA7E1B}.Release|x86.Build.0 = Release|Any CPU
		{B0F66ADA-22DE-47A3-8816-1A98E2B1B093}.Debug|Any CPU.ActiveCfg = Debug|Any CPU
		{B0F66ADA-22DE-47A3-8816-1A98E2B1B093}.Debug|Any CPU.Build.0 = Debug|Any CPU
		{B0F66ADA-22DE-47A3-8816-1A98E2B1B093}.Debug|x64.ActiveCfg = Debug|Any CPU
		{B0F66ADA-22DE-47A3-8816-1A98E2B1B093}.Debug|x64.Build.0 = Debug|Any CPU
		{B0F66ADA-22DE-47A3-8816-1A98E2B1B093}.Debug|x86.ActiveCfg = Debug|Any CPU
		{B0F66ADA-22DE-47A3-8816-1A98E2B1B093}.Debug|x86.Build.0 = Debug|Any CPU
		{B0F66ADA-22DE-47A3-8816-1A98E2B1B093}.Release|Any CPU.ActiveCfg = Release|Any CPU
		{B0F66ADA-22DE-47A3-8816-1A98E2B1B093}.Release|Any CPU.Build.0 = Release|Any CPU
		{B0F66ADA-22DE-47A3-8816-1A98E2B1B093}.Release|x64.ActiveCfg = Release|Any CPU
		{B0F66ADA-22DE-47A3-8816-1A98E2B1B093}.Release|x64.Build.0 = Release|Any CPU
		{B0F66ADA-22DE-47A3-8816-1A98E2B1B093}.Release|x86.ActiveCfg = Release|Any CPU
		{B0F66ADA-22DE-47A3-8816-1A98E2B1B093}.Release|x86.Build.0 = Release|Any CPU
		{48AEFA77-68A3-49E9-BC28-C20A188BD251}.Debug|Any CPU.ActiveCfg = Debug|Any CPU
		{48AEFA77-68A3-49E9-BC28-C20A188BD251}.Debug|Any CPU.Build.0 = Debug|Any CPU
		{48AEFA77-68A3-49E9-BC28-C20A188BD251}.Debug|x64.ActiveCfg = Debug|Any CPU
		{48AEFA77-68A3-49E9-BC28-C20A188BD251}.Debug|x64.Build.0 = Debug|Any CPU
		{48AEFA77-68A3-49E9-BC28-C20A188BD251}.Debug|x86.ActiveCfg = Debug|Any CPU
		{48AEFA77-68A3-49E9-BC28-C20A188BD251}.Debug|x86.Build.0 = Debug|Any CPU
		{48AEFA77-68A3-49E9-BC28-C20A188BD251}.Release|Any CPU.ActiveCfg = Release|Any CPU
		{48AEFA77-68A3-49E9-BC28-C20A188BD251}.Release|Any CPU.Build.0 = Release|Any CPU
		{48AEFA77-68A3-49E9-BC28-C20A188BD251}.Release|x64.ActiveCfg = Release|Any CPU
		{48AEFA77-68A3-49E9-BC28-C20A188BD251}.Release|x64.Build.0 = Release|Any CPU
		{48AEFA77-68A3-49E9-BC28-C20A188BD251}.Release|x86.ActiveCfg = Release|Any CPU
		{48AEFA77-68A3-49E9-BC28-C20A188BD251}.Release|x86.Build.0 = Release|Any CPU
	EndGlobalSection
	GlobalSection(SolutionProperties) = preSolution
		HideSolutionNode = FALSE
	EndGlobalSection
	GlobalSection(NestedProjects) = preSolution
		{8287C84F-37DF-4797-9F3D-B23BA9BEDFA5} = {827E0CD3-B72D-47B6-A68D-7590B98EB39B}
		{1ED926B4-35FE-444B-928F-4531D9AA7E1B} = {827E0CD3-B72D-47B6-A68D-7590B98EB39B}
		{B0F66ADA-22DE-47A3-8816-1A98E2B1B093} = {827E0CD3-B72D-47B6-A68D-7590B98EB39B}
		{48AEFA77-68A3-49E9-BC28-C20A188BD251} = {827E0CD3-B72D-47B6-A68D-7590B98EB39B}
	EndGlobalSection
EndGlobal
